
Microsoft Visual Studio Solution File, Format Version 12.00
# Visual Studio Version 16
VisualStudioVersion = 16.0.32228.343
MinimumVisualStudioVersion = 10.0.40219.1
Project("{FAE04EC0-301F-11D3-BF4B-00C04F79EFBC}") = "JobLessonOOP02Part01v03", "JobLessonOOP02Part01v03\JobLessonOOP02Part01v03.csproj", "{D7D2323B-DF88-4F9C-9ABA-EEC2A82BE959}"
EndProject
Global
	GlobalSection(SolutionConfigurationPlatforms) = preSolution
		Debug|Any CPU = Debug|Any CPU
		Release|Any CPU = Release|Any CPU
	EndGlobalSection
	GlobalSection(ProjectConfigurationPlatforms) = postSolution
		{D7D2323B-DF88-4F9C-9ABA-EEC2A82BE959}.Debug|Any CPU.ActiveCfg = Debug|Any CPU
		{D7D2323B-DF88-4F9C-9ABA-EEC2A82BE959}.Debug|Any CPU.Build.0 = Debug|Any CPU
		{D7D2323B-DF88-4F9C-9ABA-EEC2A82BE959}.Release|Any CPU.ActiveCfg = Release|Any CPU
		{D7D2323B-DF88-4F9C-9ABA-EEC2A82BE959}.Release|Any CPU.Build.0 = Release|Any CPU
	EndGlobalSection
	GlobalSection(SolutionProperties) = preSolution
		HideSolutionNode = FALSE
	EndGlobalSection
	GlobalSection(ExtensibilityGlobals) = postSolution
		SolutionGuid = {4400A0C0-8035-4A3C-9F1F-3994F274F1C4}
	EndGlobalSection
EndGlobal
